{
  "name": "renovate-npm-workspace-repro",
  "version": "1.0.0",
  "lockfileVersion": 2,
  "requires": true,
  "packages": {
    "": {
      "name": "renovate-npm-workspace-repro",
      "version": "1.0.0",
      "workspaces": [
        "apps/*"
      ]
    },
    "apps/test-app": {
      "version": "1.1.0",
      "dependencies": {
        "autonumeric": "4.10.5"
      }
    },
    "node_modules/autonumeric": {
      "version": "4.10.5",
      "resolved": "https://registry.npmjs.org/autonumeric/-/autonumeric-4.10.5.tgz",
      "integrity": "sha512-t7h1poYH37eVi/pDTdO0UBb8qk8A9gUHzABP/wUoqSw4w5aDFJr2gxfZPl+agta4ifb5OfBm4Bylv1G/dCC2zQ==",
      "funding": {
        "type": "patreon",
        "url": "https://www.patreon.com/AlexandreBonneau"
      }
    },
    "node_modules/test-app": {
      "resolved": "apps/test-app",
      "link": true
    }
  },
  "dependencies": {
    "autonumeric": {
      "version": "4.10.5",
      "resolved": "https://registry.npmjs.org/autonumeric/-/autonumeric-4.10.5.tgz",
      "integrity": "sha512-t7h1poYH37eVi/pDTdO0UBb8qk8A9gUHzABP/wUoqSw4w5aDFJr2gxfZPl+agta4ifb5OfBm4Bylv1G/dCC2zQ=="
    },
    "test-app": {
      "version": "file:apps/test-app",
      "requires": {
        "autonumeric": "4.10.5"
      }
    }
  }
}
