{
  "name": "renovate-npm-workspace-repro",
  "version": "1.0.0",
  "lockfileVersion": 2,
  "requires": true,
  "packages": {
    "": {
      "name": "renovate-npm-workspace-repro",
      "version": "1.0.0",
      "workspaces": [
        "apps/*"
      ]
    },
    "apps/test-app": {
      "version": "1.1.0",
      "dependencies": {
        "autonumeric": "4.10.9"
      }
    },
    "node_modules/autonumeric": {
      "version": "4.10.9",
      "resolved": "https://registry.npmjs.org/autonumeric/-/autonumeric-4.10.9.tgz",
      "integrity": "sha512-7aStLD5zn0x8mUDvYsl7YY11xzI6NgOK8u40UB6SvdoqItfzfOz6sfVZv4CyADy2nlbM0zHJ992SXGVVJEzCGA==",
      "funding": {
        "type": "patreon",
        "url": "https://www.patreon.com/AlexandreBonneau"
      }
    },
    "node_modules/test-app": {
      "resolved": "apps/test-app",
      "link": true
    }
  },
  "dependencies": {
    "autonumeric": {
      "version": "4.10.9",
      "resolved": "https://registry.npmjs.org/autonumeric/-/autonumeric-4.10.9.tgz",
      "integrity": "sha512-7aStLD5zn0x8mUDvYsl7YY11xzI6NgOK8u40UB6SvdoqItfzfOz6sfVZv4CyADy2nlbM0zHJ992SXGVVJEzCGA=="
    },
    "test-app": {
      "version": "file:apps/test-app",
      "requires": {
        "autonumeric": "4.10.9"
      }
    }
  }
}
