{
  "name": "renovate-npm-workspace-repro",
  "version": "1.0.0",
  "lockfileVersion": 2,
  "requires": true,
  "packages": {
    "": {
      "name": "renovate-npm-workspace-repro",
      "version": "1.0.0",
      "workspaces": [
        "apps/*"
      ],
      "dependencies": {
        "autonumeric": "^4.6.0"
      }
    },
    "apps/test-app": {
      "version": "1.0.0",
      "dependencies": {
        "autonumeric": "^4.6.0"
      }
    },
    "node_modules/autonumeric": {
      "version": "4.7.0",
      "resolved": "https://registry.npmjs.org/autonumeric/-/autonumeric-4.7.0.tgz",
      "integrity": "sha512-8K1KuGDdiEe4ZWRfMFLLJsq9al41j3AZdibpzh48DR35AEj3QjdkdsXsksQMAnFowPnfRGWYDBhwSFshFPtSpg=="
    },
    "node_modules/test-app": {
      "resolved": "apps/test-app",
      "link": true
    }
  },
  "dependencies": {
    "autonumeric": {
      "version": "4.7.0",
      "resolved": "https://registry.npmjs.org/autonumeric/-/autonumeric-4.7.0.tgz",
      "integrity": "sha512-8K1KuGDdiEe4ZWRfMFLLJsq9al41j3AZdibpzh48DR35AEj3QjdkdsXsksQMAnFowPnfRGWYDBhwSFshFPtSpg=="
    },
    "test-app": {
      "version": "file:apps/test-app",
      "requires": {
        "autonumeric": "^4.6.0"
      }
    }
  }
}
